{
	"name": "vscode-warpscriptlangage",
	"version": "0.0.1",
	"lockfileVersion": 1,
	"requires": true,
	"dependencies": {
		"@types/js-yaml": {
			"version": "3.10.1",
			"resolved": "https://registry.npmjs.org/@types/js-yaml/-/js-yaml-3.10.1.tgz",
			"integrity": "sha512-IpKg0KGIUNcydttaGURhSLrq1eSNoSjN7T1MokAuasIPBKzsHxcz3MAdFGzasmYQVWf6XxG+jQTJ9UFOL29Ubg==",
			"dev": true
		},
		"@types/mocha": {
			"version": "2.2.48",
			"resolved": "https://registry.npmjs.org/@types/mocha/-/mocha-2.2.48.tgz",
			"integrity": "sha512-nlK/iyETgafGli8Zh9zJVCTicvU3iajSkRwOh3Hhiva598CMqNJ4NcVCGMTGKpGpTYj/9R8RLzS9NAykSSCqGw==",
			"dev": true
		},
		"@types/node": {
			"version": "6.0.97",
			"resolved": "https://registry.npmjs.org/@types/node/-/node-6.0.97.tgz",
			"integrity": "sha512-k3CDdCq8Uv8AZ7/bmGSSvlwbPDPhkkckSq8Y9ndXowv86m3k07PjG98SigpjVAY9EyHV9kiFldEV306xh4gkig==",
			"dev": true
		},
		"argparse": {
			"version": "1.0.9",
			"resolved": "https://registry.npmjs.org/argparse/-/argparse-1.0.9.tgz",
			"integrity": "sha1-c9g7wmP4bpf4zE9rrhsOkKfSLIY=",
			"dev": true,
			"requires": {
				"sprintf-js": "1.0.3"
			}
		},
		"base64-js": {
			"version": "1.2.0",
			"resolved": "https://registry.npmjs.org/base64-js/-/base64-js-1.2.0.tgz",
			"integrity": "sha1-o5mS1yNYSBGYK+XikLtqU9hnAPE=",
			"dev": true
		},
		"esprima": {
			"version": "4.0.0",
			"resolved": "https://registry.npmjs.org/esprima/-/esprima-4.0.0.tgz",
			"integrity": "sha512-oftTcaMu/EGrEIu904mWteKIv8vMuOgGYo7EhVJJN00R/EED9DCua/xxHRdYnKtcECzVg7xOWhflvJMnqcFZjw==",
			"dev": true
		},
		"fast-plist": {
			"version": "0.1.2",
			"resolved": "https://registry.npmjs.org/fast-plist/-/fast-plist-0.1.2.tgz",
			"integrity": "sha1-pFr/NFGWAG1AbKbNzQX2kFHvNbg=",
			"dev": true
		},
		"js-yaml": {
			"version": "3.10.0",
			"resolved": "https://registry.npmjs.org/js-yaml/-/js-yaml-3.10.0.tgz",
			"integrity": "sha512-O2v52ffjLa9VeM43J4XocZE//WT9N0IiwDa3KSHH7Tu8CtH+1qM8SIZvnsTh6v+4yFy5KUY3BHUVwjpfAWsjIA==",
			"dev": true,
			"requires": {
				"argparse": "1.0.9",
				"esprima": "4.0.0"
			}
		},
		"nan": {
			"version": "2.8.0",
			"resolved": "https://registry.npmjs.org/nan/-/nan-2.8.0.tgz",
			"integrity": "sha1-7XFfP+neArV6XmJS2QqWZ14fCFo=",
			"dev": true
		},
		"oniguruma": {
			"version": "6.2.1",
			"resolved": "https://registry.npmjs.org/oniguruma/-/oniguruma-6.2.1.tgz",
			"integrity": "sha1-pQ7mlkKEStHSUmhaqxhxcbBuzgQ=",
			"dev": true,
			"requires": {
				"nan": "2.8.0"
			}
		},
		"plist": {
			"version": "2.1.0",
			"resolved": "https://registry.npmjs.org/plist/-/plist-2.1.0.tgz",
			"integrity": "sha1-V8zbeggh3yGDEhejytVOPhRqECU=",
			"dev": true,
			"requires": {
				"base64-js": "1.2.0",
				"xmlbuilder": "8.2.2",
				"xmldom": "0.1.27"
			}
		},
		"sprintf-js": {
			"version": "1.0.3",
			"resolved": "https://registry.npmjs.org/sprintf-js/-/sprintf-js-1.0.3.tgz",
			"integrity": "sha1-BOaSb2YolTVPPdAVIDYzuFcpfiw=",
			"dev": true
		},
		"typescript": {
			"version": "2.7.1",
			"resolved": "https://registry.npmjs.org/typescript/-/typescript-2.7.1.tgz",
			"integrity": "sha512-bqB1yS6o9TNA9ZC/MJxM0FZzPnZdtHj0xWK/IZ5khzVqdpGul/R/EIiHRgFXlwTD7PSIaYVnGKq1QgMCu2mnqw==",
			"dev": true
		},
		"vscode-textmate": {
			"version": "3.2.0",
			"resolved": "https://registry.npmjs.org/vscode-textmate/-/vscode-textmate-3.2.0.tgz",
			"integrity": "sha1-h+WrHtMEYykac/4os3pYWQp3d9w=",
			"dev": true,
			"requires": {
				"fast-plist": "0.1.2",
				"oniguruma": "6.2.1"
			}
		},
		"xmlbuilder": {
			"version": "8.2.2",
			"resolved": "https://registry.npmjs.org/xmlbuilder/-/xmlbuilder-8.2.2.tgz",
			"integrity": "sha1-aSSGc0ELS6QuGmE2VR0pIjNap3M=",
			"dev": true
		},
		"xmldom": {
			"version": "0.1.27",
			"resolved": "https://registry.npmjs.org/xmldom/-/xmldom-0.1.27.tgz",
			"integrity": "sha1-1QH5ezvbQDr4757MIFcxh6rawOk=",
			"dev": true
		}
	}
}
